
Microsoft Visual Studio Solution File, Format Version 12.00
# Visual Studio 15
VisualStudioVersion = 15.0.26124.0
MinimumVisualStudioVersion = 15.0.26124.0
Project("{FAE04EC0-301F-11D3-BF4B-00C04F79EFBC}") = "Crosses.Console", "Crosses.Console\Crosses.Console.csproj", "{6FFDEE98-AAE2-4862-8EDA-52A3FB367712}"
EndProject
Project("{FAE04EC0-301F-11D3-BF4B-00C04F79EFBC}") = "Crosses.Tests", "Crosses.Tests\Crosses.Tests.csproj", "{A33BBFF8-440A-4C51-9A51-B4D50DD146C5}"
EndProject
Project("{FAE04EC0-301F-11D3-BF4B-00C04F79EFBC}") = "Crosses.Core", "Crosses.Core\Crosses.Core.csproj", "{BF731060-8A30-422C-B222-335C12FFA927}"
EndProject
Global
	GlobalSection(SolutionConfigurationPlatforms) = preSolution
		Debug|Any CPU = Debug|Any CPU
		Debug|x64 = Debug|x64
		Debug|x86 = Debug|x86
		Release|Any CPU = Release|Any CPU
		Release|x64 = Release|x64
		Release|x86 = Release|x86
	EndGlobalSection
	GlobalSection(SolutionProperties) = preSolution
		HideSolutionNode = FALSE
	EndGlobalSection
	GlobalSection(ProjectConfigurationPlatforms) = postSolution
		{6FFDEE98-AAE2-4862-8EDA-52A3FB367712}.Debug|Any CPU.ActiveCfg = Debug|Any CPU
		{6FFDEE98-AAE2-4862-8EDA-52A3FB367712}.Debug|Any CPU.Build.0 = Debug|Any CPU
		{6FFDEE98-AAE2-4862-8EDA-52A3FB367712}.Debug|x64.ActiveCfg = Debug|Any CPU
		{6FFDEE98-AAE2-4862-8EDA-52A3FB367712}.Debug|x64.Build.0 = Debug|Any CPU
		{6FFDEE98-AAE2-4862-8EDA-52A3FB367712}.Debug|x86.ActiveCfg = Debug|Any CPU
		{6FFDEE98-AAE2-4862-8EDA-52A3FB367712}.Debug|x86.Build.0 = Debug|Any CPU
		{6FFDEE98-AAE2-4862-8EDA-52A3FB367712}.Release|Any CPU.ActiveCfg = Release|Any CPU
		{6FFDEE98-AAE2-4862-8EDA-52A3FB367712}.Release|Any CPU.Build.0 = Release|Any CPU
		{6FFDEE98-AAE2-4862-8EDA-52A3FB367712}.Release|x64.ActiveCfg = Release|Any CPU
		{6FFDEE98-AAE2-4862-8EDA-52A3FB367712}.Release|x64.Build.0 = Release|Any CPU
		{6FFDEE98-AAE2-4862-8EDA-52A3FB367712}.Release|x86.ActiveCfg = Release|Any CPU
		{6FFDEE98-AAE2-4862-8EDA-52A3FB367712}.Release|x86.Build.0 = Release|Any CPU
		{A33BBFF8-440A-4C51-9A51-B4D50DD146C5}.Debug|Any CPU.ActiveCfg = Debug|Any CPU
		{A33BBFF8-440A-4C51-9A51-B4D50DD146C5}.Debug|Any CPU.Build.0 = Debug|Any CPU
		{A33BBFF8-440A-4C51-9A51-B4D50DD146C5}.Debug|x64.ActiveCfg = Debug|Any CPU
		{A33BBFF8-440A-4C51-9A51-B4D50DD146C5}.Debug|x64.Build.0 = Debug|Any CPU
		{A33BBFF8-440A-4C51-9A51-B4D50DD146C5}.Debug|x86.ActiveCfg = Debug|Any CPU
		{A33BBFF8-440A-4C51-9A51-B4D50DD146C5}.Debug|x86.Build.0 = Debug|Any CPU
		{A33BBFF8-440A-4C51-9A51-B4D50DD146C5}.Release|Any CPU.ActiveCfg = Release|Any CPU
		{A33BBFF8-440A-4C51-9A51-B4D50DD146C5}.Release|Any CPU.Build.0 = Release|Any CPU
		{A33BBFF8-440A-4C51-9A51-B4D50DD146C5}.Release|x64.ActiveCfg = Release|Any CPU
		{A33BBFF8-440A-4C51-9A51-B4D50DD146C5}.Release|x64.Build.0 = Release|Any CPU
		{A33BBFF8-440A-4C51-9A51-B4D50DD146C5}.Release|x86.ActiveCfg = Release|Any CPU
		{A33BBFF8-440A-4C51-9A51-B4D50DD146C5}.Release|x86.Build.0 = Release|Any CPU
		{BF731060-8A30-422C-B222-335C12FFA927}.Debug|Any CPU.ActiveCfg = Debug|Any CPU
		{BF731060-8A30-422C-B222-335C12FFA927}.Debug|Any CPU.Build.0 = Debug|Any CPU
		{BF731060-8A30-422C-B222-335C12FFA927}.Debug|x64.ActiveCfg = Debug|Any CPU
		{BF731060-8A30-422C-B222-335C12FFA927}.Debug|x64.Build.0 = Debug|Any CPU
		{BF731060-8A30-422C-B222-335C12FFA927}.Debug|x86.ActiveCfg = Debug|Any CPU
		{BF731060-8A30-422C-B222-335C12FFA927}.Debug|x86.Build.0 = Debug|Any CPU
		{BF731060-8A30-422C-B222-335C12FFA927}.Release|Any CPU.ActiveCfg = Release|Any CPU
		{BF731060-8A30-422C-B222-335C12FFA927}.Release|Any CPU.Build.0 = Release|Any CPU
		{BF731060-8A30-422C-B222-335C12FFA927}.Release|x64.ActiveCfg = Release|Any CPU
		{BF731060-8A30-422C-B222-335C12FFA927}.Release|x64.Build.0 = Release|Any CPU
		{BF731060-8A30-422C-B222-335C12FFA927}.Release|x86.ActiveCfg = Release|Any CPU
		{BF731060-8A30-422C-B222-335C12FFA927}.Release|x86.Build.0 = Release|Any CPU
	EndGlobalSection
EndGlobal
